
Microsoft Visual Studio Solution File, Format Version 12.00
# Visual Studio 15
VisualStudioVersion = 15.0.26124.0
MinimumVisualStudioVersion = 15.0.26124.0
Project("{FAE04EC0-301F-11D3-BF4B-00C04F79EFBC}") = "algoritms", "algoritms\algoritms.csproj", "{67008578-CE45-49E9-877D-C6825471FD46}"
EndProject
Project("{FAE04EC0-301F-11D3-BF4B-00C04F79EFBC}") = "algoritms.Test", "algoritms.Test\algoritms.Test.csproj", "{A18DCE3E-6260-4A74-9B7D-A6D6D4630402}"
EndProject
Global
	GlobalSection(SolutionConfigurationPlatforms) = preSolution
		Debug|Any CPU = Debug|Any CPU
		Debug|x64 = Debug|x64
		Debug|x86 = Debug|x86
		Release|Any CPU = Release|Any CPU
		Release|x64 = Release|x64
		Release|x86 = Release|x86
	EndGlobalSection
	GlobalSection(SolutionProperties) = preSolution
		HideSolutionNode = FALSE
	EndGlobalSection
	GlobalSection(ProjectConfigurationPlatforms) = postSolution
		{67008578-CE45-49E9-877D-C6825471FD46}.Debug|Any CPU.ActiveCfg = Debug|Any CPU
		{67008578-CE45-49E9-877D-C6825471FD46}.Debug|Any CPU.Build.0 = Debug|Any CPU
		{67008578-CE45-49E9-877D-C6825471FD46}.Debug|x64.ActiveCfg = Debug|Any CPU
		{67008578-CE45-49E9-877D-C6825471FD46}.Debug|x64.Build.0 = Debug|Any CPU
		{67008578-CE45-49E9-877D-C6825471FD46}.Debug|x86.ActiveCfg = Debug|Any CPU
		{67008578-CE45-49E9-877D-C6825471FD46}.Debug|x86.Build.0 = Debug|Any CPU
		{67008578-CE45-49E9-877D-C6825471FD46}.Release|Any CPU.ActiveCfg = Release|Any CPU
		{67008578-CE45-49E9-877D-C6825471FD46}.Release|Any CPU.Build.0 = Release|Any CPU
		{67008578-CE45-49E9-877D-C6825471FD46}.Release|x64.ActiveCfg = Release|Any CPU
		{67008578-CE45-49E9-877D-C6825471FD46}.Release|x64.Build.0 = Release|Any CPU
		{67008578-CE45-49E9-877D-C6825471FD46}.Release|x86.ActiveCfg = Release|Any CPU
		{67008578-CE45-49E9-877D-C6825471FD46}.Release|x86.Build.0 = Release|Any CPU
		{A18DCE3E-6260-4A74-9B7D-A6D6D4630402}.Debug|Any CPU.ActiveCfg = Debug|Any CPU
		{A18DCE3E-6260-4A74-9B7D-A6D6D4630402}.Debug|Any CPU.Build.0 = Debug|Any CPU
		{A18DCE3E-6260-4A74-9B7D-A6D6D4630402}.Debug|x64.ActiveCfg = Debug|Any CPU
		{A18DCE3E-6260-4A74-9B7D-A6D6D4630402}.Debug|x64.Build.0 = Debug|Any CPU
		{A18DCE3E-6260-4A74-9B7D-A6D6D4630402}.Debug|x86.ActiveCfg = Debug|Any CPU
		{A18DCE3E-6260-4A74-9B7D-A6D6D4630402}.Debug|x86.Build.0 = Debug|Any CPU
		{A18DCE3E-6260-4A74-9B7D-A6D6D4630402}.Release|Any CPU.ActiveCfg = Release|Any CPU
		{A18DCE3E-6260-4A74-9B7D-A6D6D4630402}.Release|Any CPU.Build.0 = Release|Any CPU
		{A18DCE3E-6260-4A74-9B7D-A6D6D4630402}.Release|x64.ActiveCfg = Release|Any CPU
		{A18DCE3E-6260-4A74-9B7D-A6D6D4630402}.Release|x64.Build.0 = Release|Any CPU
		{A18DCE3E-6260-4A74-9B7D-A6D6D4630402}.Release|x86.ActiveCfg = Release|Any CPU
		{A18DCE3E-6260-4A74-9B7D-A6D6D4630402}.Release|x86.Build.0 = Release|Any CPU
	EndGlobalSection
EndGlobal
